
Microsoft Visual Studio Solution File, Format Version 12.00
# Visual Studio Version 16
VisualStudioVersion = 16.0.31605.320
MinimumVisualStudioVersion = 10.0.40219.1
Project("{FAE04EC0-301F-11D3-BF4B-00C04F79EFBC}") = "DapperCrud", "DapperCrud.csproj", "{EA47F3FF-E872-445E-9A5F-B4F3FE10466A}"
EndProject
Global
	GlobalSection(SolutionConfigurationPlatforms) = preSolution
		Debug|Any CPU = Debug|Any CPU
		Release|Any CPU = Release|Any CPU
	EndGlobalSection
	GlobalSection(ProjectConfigurationPlatforms) = postSolution
		{EA47F3FF-E872-445E-9A5F-B4F3FE10466A}.Debug|Any CPU.ActiveCfg = Debug|Any CPU
		{EA47F3FF-E872-445E-9A5F-B4F3FE10466A}.Debug|Any CPU.Build.0 = Debug|Any CPU
		{EA47F3FF-E872-445E-9A5F-B4F3FE10466A}.Release|Any CPU.ActiveCfg = Release|Any CPU
		{EA47F3FF-E872-445E-9A5F-B4F3FE10466A}.Release|Any CPU.Build.0 = Release|Any CPU
	EndGlobalSection
	GlobalSection(SolutionProperties) = preSolution
		HideSolutionNode = FALSE
	EndGlobalSection
	GlobalSection(ExtensibilityGlobals) = postSolution
		SolutionGuid = {B51A38A8-1801-4A84-AF8D-2A9CF4971B6B}
	EndGlobalSection
EndGlobal
